// !$*UTF8*$!
{
	archiveVersion = 1;
	classes = {
	};
	objectVersion = 55;
	objects = {

/* Begin PBXBuildFile section */
		F449A71D282684250077CDEC /* AppDelegate.swift in Sources */ = {isa = PBXBuildFile; fileRef = F449A71C282684250077CDEC /* AppDelegate.swift */; };
		F449A71F282684250077CDEC /* SceneDelegate.swift in Sources */ = {isa = PBXBuildFile; fileRef = F449A71E282684250077CDEC /* SceneDelegate.swift */; };
		F449A721282684250077CDEC /* ViewController.swift in Sources */ = {isa = PBXBuildFile; fileRef = F449A720282684250077CDEC /* ViewController.swift */; };
		F449A724282684250077CDEC /* Main.storyboard in Resources */ = {isa = PBXBuildFile; fileRef = F449A722282684250077CDEC /* Main.storyboard */; };
		F449A726282684270077CDEC /* Assets.xcassets in Resources */ = {isa = PBXBuildFile; fileRef = F449A725282684270077CDEC /* Assets.xcassets */; };
		F449A729282684270077CDEC /* LaunchScreen.storyboard in Resources */ = {isa = PBXBuildFile; fileRef = F449A727282684270077CDEC /* LaunchScreen.storyboard */; };
		F449A734282684270077CDEC /* NotificationCenterTuteTests.swift in Sources */ = {isa = PBXBuildFile; fileRef = F449A733282684270077CDEC /* NotificationCenterTuteTests.swift */; };
		F449A73E282684270077CDEC /* NotificationCenterTuteUITests.swift in Sources */ = {isa = PBXBuildFile; fileRef = F449A73D282684270077CDEC /* NotificationCenterTuteUITests.swift */; };
		F449A740282684270077CDEC /* NotificationCenterTuteUITestsLaunchTests.swift in Sources */ = {isa = PBXBuildFile; fileRef = F449A73F282684270077CDEC /* NotificationCenterTuteUITestsLaunchTests.swift */; };
/* End PBXBuildFile section */

/* Begin PBXContainerItemProxy section */
		F449A730282684270077CDEC /* PBXContainerItemProxy */ = {
			isa = PBXContainerItemProxy;
			containerPortal = F449A711282684250077CDEC /* Project object */;
			proxyType = 1;
			remoteGlobalIDString = F449A718282684250077CDEC;
			remoteInfo = NotificationCenterTute;
		};
		F449A73A282684270077CDEC /* PBXContainerItemProxy */ = {
			isa = PBXContainerItemProxy;
			containerPortal = F449A711282684250077CDEC /* Project object */;
			proxyType = 1;
			remoteGlobalIDString = F449A718282684250077CDEC;
			remoteInfo = NotificationCenterTute;
		};
/* End PBXContainerItemProxy section */

/* Begin PBXFileReference section */
		F449A719282684250077CDEC /* NotificationCenterTute.app */ = {isa = PBXFileReference; explicitFileType = wrapper.application; includeInIndex = 0; path = NotificationCenterTute.app; sourceTree = BUILT_PRODUCTS_DIR; };
		F449A71C282684250077CDEC /* AppDelegate.swift */ = {isa = PBXFileReference; lastKnownFileType = sourcecode.swift; path = AppDelegate.swift; sourceTree = "<group>"; };
		F449A71E282684250077CDEC /* SceneDelegate.swift */ = {isa = PBXFileReference; lastKnownFileType = sourcecode.swift; path = SceneDelegate.swift; sourceTree = "<group>"; };
		F449A720282684250077CDEC /* ViewController.swift */ = {isa = PBXFileReference; lastKnownFileType = sourcecode.swift; path = ViewController.swift; sourceTree = "<group>"; };
		F449A723282684250077CDEC /* Base */ = {isa = PBXFileReference; lastKnownFileType = file.storyboard; name = Base; path = Base.lproj/Main.storyboard; sourceTree = "<group>"; };
		F449A725282684270077CDEC /* Assets.xcassets */ = {isa = PBXFileReference; lastKnownFileType = folder.assetcatalog; path = Assets.xcassets; sourceTree = "<group>"; };
		F449A728282684270077CDEC /* Base */ = {isa = PBXFileReference; lastKnownFileType = file.storyboard; name = Base; path = Base.lproj/LaunchScreen.storyboard; sourceTree = "<group>"; };
		F449A72A282684270077CDEC /* Info.plist */ = {isa = PBXFileReference; lastKnownFileType = text.plist.xml; path = Info.plist; sourceTree = "<group>"; };
		F449A72F282684270077CDEC /* NotificationCenterTuteTests.xctest */ = {isa = PBXFileReference; explicitFileType = wrapper.cfbundle; includeInIndex = 0; path = NotificationCenterTuteTests.xctest; sourceTree = BUILT_PRODUCTS_DIR; };
		F449A733282684270077CDEC /* NotificationCenterTuteTests.swift */ = {isa = PBXFileReference; lastKnownFileType = sourcecode.swift; path = NotificationCenterTuteTests.swift; sourceTree = "<group>"; };
		F449A739282684270077CDEC /* NotificationCenterTuteUITests.xctest */ = {isa = PBXFileReference; explicitFileType = wrapper.cfbundle; includeInIndex = 0; path = NotificationCenterTuteUITests.xctest; sourceTree = BUILT_PRODUCTS_DIR; };
		F449A73D282684270077CDEC /* NotificationCenterTuteUITests.swift */ = {isa = PBXFileReference; lastKnownFileType = sourcecode.swift; path = NotificationCenterTuteUITests.swift; sourceTree = "<group>"; };
		F449A73F282684270077CDEC /* NotificationCenterTuteUITestsLaunchTests.swift */ = {isa = PBXFileReference; lastKnownFileType = sourcecode.swift; path = NotificationCenterTuteUITestsLaunchTests.swift; sourceTree = "<group>"; };
/* End PBXFileReference section */

/* Begin PBXFrameworksBuildPhase section */
		F449A716282684250077CDEC /* Frameworks */ = {
			isa = PBXFrameworksBuildPhase;
			buildActionMask = 2147483647;
			files = (
			);
			runOnlyForDeploymentPostprocessing = 0;
		};
		F449A72C282684270077CDEC /* Frameworks */ = {
			isa = PBXFrameworksBuildPhase;
			buildActionMask = 2147483647;
			files = (
			);
			runOnlyForDeploymentPostprocessing = 0;
		};
		F449A736282684270077CDEC /* Frameworks */ = {
			isa = PBXFrameworksBuildPhase;
			buildActionMask = 2147483647;
			files = (
			);
			runOnlyForDeploymentPostprocessing = 0;
		};
/* End PBXFrameworksBuildPhase section */

/* Begin PBXGroup section */
		F449A710282684250077CDEC = {
			isa = PBXGroup;
			children = (
				F449A71B282684250077CDEC /* NotificationCenterTute */,
				F449A732282684270077CDEC /* NotificationCenterTuteTests */,
				F449A73C282684270077CDEC /* NotificationCenterTuteUITests */,
				F449A71A282684250077CDEC /* Products */,
			);
			sourceTree = "<group>";
		};
		F449A71A282684250077CDEC /* Products */ = {
			isa = PBXGroup;
			children = (
				F449A719282684250077CDEC /* NotificationCenterTute.app */,
				F449A72F282684270077CDEC /* NotificationCenterTuteTests.xctest */,
				F449A739282684270077CDEC /* NotificationCenterTuteUITests.xctest */,
			);
			name = Products;
			sourceTree = "<group>";
		};
		F449A71B282684250077CDEC /* NotificationCenterTute */ = {
			isa = PBXGroup;
			children = (
				F449A71C282684250077CDEC /* AppDelegate.swift */,
				F449A71E282684250077CDEC /* SceneDelegate.swift */,
				F449A720282684250077CDEC /* ViewController.swift */,
				F449A722282684250077CDEC /* Main.storyboard */,
				F449A725282684270077CDEC /* Assets.xcassets */,
				F449A727282684270077CDEC /* LaunchScreen.storyboard */,
				F449A72A282684270077CDEC /* Info.plist */,
			);
			path = NotificationCenterTute;
			sourceTree = "<group>";
		};
		F449A732282684270077CDEC /* NotificationCenterTuteTests */ = {
			isa = PBXGroup;
			children = (
				F449A733282684270077CDEC /* NotificationCenterTuteTests.swift */,
			);
			path = NotificationCenterTuteTests;
			sourceTree = "<group>";
		};
		F449A73C282684270077CDEC /* NotificationCenterTuteUITests */ = {
			isa = PBXGroup;
			children = (
				F449A73D282684270077CDEC /* NotificationCenterTuteUITests.swift */,
				F449A73F282684270077CDEC /* NotificationCenterTuteUITestsLaunchTests.swift */,
			);
			path = NotificationCenterTuteUITests;
			sourceTree = "<group>";
		};
/* End PBXGroup section */

/* Begin PBXNativeTarget section */
		F449A718282684250077CDEC /* NotificationCenterTute */ = {
			isa = PBXNativeTarget;
			buildConfigurationList = F449A743282684270077CDEC /* Build configuration list for PBXNativeTarget "NotificationCenterTute" */;
			buildPhases = (
				F449A715282684250077CDEC /* Sources */,
				F449A716282684250077CDEC /* Frameworks */,
				F449A717282684250077CDEC /* Resources */,
			);
			buildRules = (
			);
			dependencies = (
			);
			name = NotificationCenterTute;
			productName = NotificationCenterTute;
			productReference = F449A719282684250077CDEC /* NotificationCenterTute.app */;
			productType = "com.apple.product-type.application";
		};
		F449A72E282684270077CDEC /* NotificationCenterTuteTests */ = {
			isa = PBXNativeTarget;
			buildConfigurationList = F449A746282684270077CDEC /* Build configuration list for PBXNativeTarget "NotificationCenterTuteTests" */;
			buildPhases = (
				F449A72B282684270077CDEC /* Sources */,
				F449A72C282684270077CDEC /* Frameworks */,
				F449A72D282684270077CDEC /* Resources */,
			);
			buildRules = (
			);
			dependencies = (
				F449A731282684270077CDEC /* PBXTargetDependency */,
			);
			name = NotificationCenterTuteTests;
			productName = NotificationCenterTuteTests;
			productReference = F449A72F282684270077CDEC /* NotificationCenterTuteTests.xctest */;
			productType = "com.apple.product-type.bundle.unit-test";
		};
		F449A738282684270077CDEC /* NotificationCenterTuteUITests */ = {
			isa = PBXNativeTarget;
			buildConfigurationList = F449A749282684270077CDEC /* Build configuration list for PBXNativeTarget "NotificationCenterTuteUITests" */;
			buildPhases = (
				F449A735282684270077CDEC /* Sources */,
				F449A736282684270077CDEC /* Frameworks */,
				F449A737282684270077CDEC /* Resources */,
			);
			buildRules = (
			);
			dependencies = (
				F449A73B282684270077CDEC /* PBXTargetDependency */,
			);
			name = NotificationCenterTuteUITests;
			productName = NotificationCenterTuteUITests;
			productReference = F449A739282684270077CDEC /* NotificationCenterTuteUITests.xctest */;
			productType = "com.apple.product-type.bundle.ui-testing";
		};
/* End PBXNativeTarget section */

/* Begin PBXProject section */
		F449A711282684250077CDEC /* Project object */ = {
			isa = PBXProject;
			attributes = {
				BuildIndependentTargetsInParallel = 1;
				LastSwiftUpdateCheck = 1330;
				LastUpgradeCheck = 1330;
				TargetAttributes = {
					F449A718282684250077CDEC = {
						CreatedOnToolsVersion = 13.3.1;
					};
					F449A72E282684270077CDEC = {
						CreatedOnToolsVersion = 13.3.1;
						TestTargetID = F449A718282684250077CDEC;
					};
					F449A738282684270077CDEC = {
						CreatedOnToolsVersion = 13.3.1;
						TestTargetID = F449A718282684250077CDEC;
					};
				};
			};
			buildConfigurationList = F449A714282684250077CDEC /* Build configuration list for PBXProject "NotificationCenterTute" */;
			compatibilityVersion = "Xcode 13.0";
			developmentRegion = en;
			hasScannedForEncodings = 0;
			knownRegions = (
				en,
				Base,
			);
			mainGroup = F449A710282684250077CDEC;
			productRefGroup = F449A71A282684250077CDEC /* Products */;
			projectDirPath = "";
			projectRoot = "";
			targets = (
				F449A718282684250077CDEC /* NotificationCenterTute */,
				F449A72E282684270077CDEC /* NotificationCenterTuteTests */,
				F449A738282684270077CDEC /* NotificationCenterTuteUITests */,
			);
		};
/* End PBXProject section */

/* Begin PBXResourcesBuildPhase section */
		F449A717282684250077CDEC /* Resources */ = {
			isa = PBXResourcesBuildPhase;
			buildActionMask = 2147483647;
			files = (
				F449A729282684270077CDEC /* LaunchScreen.storyboard in Resources */,
				F449A726282684270077CDEC /* Assets.xcassets in Resources */,
				F449A724282684250077CDEC /* Main.storyboard in Resources */,
			);
			runOnlyForDeploymentPostprocessing = 0;
		};
		F449A72D282684270077CDEC /* Resources */ = {
			isa = PBXResourcesBuildPhase;
			buildActionMask = 2147483647;
			files = (
			);
			runOnlyForDeploymentPostprocessing = 0;
		};
		F449A737282684270077CDEC /* Resources */ = {
			isa = PBXResourcesBuildPhase;
			buildActionMask = 2147483647;
			files = (
			);
			runOnlyForDeploymentPostprocessing = 0;
		};
/* End PBXResourcesBuildPhase section */

/* Begin PBXSourcesBuildPhase section */
		F449A715282684250077CDEC /* Sources */ = {
			isa = PBXSourcesBuildPhase;
			buildActionMask = 2147483647;
			files = (
				F449A721282684250077CDEC /* ViewController.swift in Sources */,
				F449A71D282684250077CDEC /* AppDelegate.swift in Sources */,
				F449A71F282684250077CDEC /* SceneDelegate.swift in Sources */,
			);
			runOnlyForDeploymentPostprocessing = 0;
		};
		F449A72B282684270077CDEC /* Sources */ = {
			isa = PBXSourcesBuildPhase;
			buildActionMask = 2147483647;
			files = (
				F449A734282684270077CDEC /* NotificationCenterTuteTests.swift in Sources */,
			);
			runOnlyForDeploymentPostprocessing = 0;
		};
		F449A735282684270077CDEC /* Sources */ = {
			isa = PBXSourcesBuildPhase;
			buildActionMask = 2147483647;
			files = (
				F449A740282684270077CDEC /* NotificationCenterTuteUITestsLaunchTests.swift in Sources */,
				F449A73E282684270077CDEC /* NotificationCenterTuteUITests.swift in Sources */,
			);
			runOnlyForDeploymentPostprocessing = 0;
		};
/* End PBXSourcesBuildPhase section */

/* Begin PBXTargetDependency section */
		F449A731282684270077CDEC /* PBXTargetDependency */ = {
			isa = PBXTargetDependency;
			target = F449A718282684250077CDEC /* NotificationCenterTute */;
			targetProxy = F449A730282684270077CDEC /* PBXContainerItemProxy */;
		};
		F449A73B282684270077CDEC /* PBXTargetDependency */ = {
			isa = PBXTargetDependency;
			target = F449A718282684250077CDEC /* NotificationCenterTute */;
			targetProxy = F449A73A282684270077CDEC /* PBXContainerItemProxy */;
		};
/* End PBXTargetDependency section */

/* Begin PBXVariantGroup section */
		F449A722282684250077CDEC /* Main.storyboard */ = {
			isa = PBXVariantGroup;
			children = (
				F449A723282684250077CDEC /* Base */,
			);
			name = Main.storyboard;
			sourceTree = "<group>";
		};
		F449A727282684270077CDEC /* LaunchScreen.storyboard */ = {
			isa = PBXVariantGroup;
			children = (
				F449A728282684270077CDEC /* Base */,
			);
			name = LaunchScreen.storyboard;
			sourceTree = "<group>";
		};
/* End PBXVariantGroup section */

/* Begin XCBuildConfiguration section */
		F449A741282684270077CDEC /* Debug */ = {
			isa = XCBuildConfiguration;
			buildSettings = {
				ALWAYS_SEARCH_USER_PATHS = NO;
				CLANG_ANALYZER_NONNULL = YES;
				CLANG_ANALYZER_NUMBER_OBJECT_CONVERSION = YES_AGGRESSIVE;
				CLANG_CXX_LANGUAGE_STANDARD = "gnu++17";
				CLANG_ENABLE_MODULES = YES;
				CLANG_ENABLE_OBJC_ARC = YES;
				CLANG_ENABLE_OBJC_WEAK = YES;
				CLANG_WARN_BLOCK_CAPTURE_AUTORELEASING = YES;
				CLANG_WARN_BOOL_CONVERSION = YES;
				CLANG_WARN_COMMA = YES;
				CLANG_WARN_CONSTANT_CONVERSION = YES;
				CLANG_WARN_DEPRECATED_OBJC_IMPLEMENTATIONS = YES;
				CLANG_WARN_DIRECT_OBJC_ISA_USAGE = YES_ERROR;
				CLANG_WARN_DOCUMENTATION_COMMENTS = YES;
				CLANG_WARN_EMPTY_BODY = YES;
				CLANG_WARN_ENUM_CONVERSION = YES;
				CLANG_WARN_INFINITE_RECURSION = YES;
				CLANG_WARN_INT_CONVERSION = YES;
				CLANG_WARN_NON_LITERAL_NULL_CONVERSION = YES;
				CLANG_WARN_OBJC_IMPLICIT_RETAIN_SELF = YES;
				CLANG_WARN_OBJC_LITERAL_CONVERSION = YES;
				CLANG_WARN_OBJC_ROOT_CLASS = YES_ERROR;
				CLANG_WARN_QUOTED_INCLUDE_IN_FRAMEWORK_HEADER = YES;
				CLANG_WARN_RANGE_LOOP_ANALYSIS = YES;
				CLANG_WARN_STRICT_PROTOTYPES = YES;
				CLANG_WARN_SUSPICIOUS_MOVE = YES;
				CLANG_WARN_UNGUARDED_AVAILABILITY = YES_AGGRESSIVE;
				CLANG_WARN_UNREACHABLE_CODE = YES;
				CLANG_WARN__DUPLICATE_METHOD_MATCH = YES;
				COPY_PHASE_STRIP = NO;
				DEBUG_INFORMATION_FORMAT = dwarf;
				ENABLE_STRICT_OBJC_MSGSEND = YES;
				ENABLE_TESTABILITY = YES;
				GCC_C_LANGUAGE_STANDARD = gnu11;
				GCC_DYNAMIC_NO_PIC = NO;
				GCC_NO_COMMON_BLOCKS = YES;
				GCC_OPTIMIZATION_LEVEL = 0;
				GCC_PREPROCESSOR_DEFINITIONS = (
					"DEBUG=1",
					"$(inherited)",
				);
				GCC_WARN_64_TO_32_BIT_CONVERSION = YES;
				GCC_WARN_ABOUT_RETURN_TYPE = YES_ERROR;
				GCC_WARN_UNDECLARED_SELECTOR = YES;
				GCC_WARN_UNINITIALIZED_AUTOS = YES_AGGRESSIVE;
				GCC_WARN_UNUSED_FUNCTION = YES;
				GCC_WARN_UNUSED_VARIABLE = YES;
				IPHONEOS_DEPLOYMENT_TARGET = 15.4;
				MTL_ENABLE_DEBUG_INFO = INCLUDE_SOURCE;
				MTL_FAST_MATH = YES;
				ONLY_ACTIVE_ARCH = YES;
				SDKROOT = iphoneos;
				SWIFT_ACTIVE_COMPILATION_CONDITIONS = DEBUG;
				SWIFT_OPTIMIZATION_LEVEL = "-Onone";
			};
			name = Debug;
		};
		F449A742282684270077CDEC /* Release */ = {
			isa = XCBuildConfiguration;
			buildSettings = {
				ALWAYS_SEARCH_USER_PATHS = NO;
				CLANG_ANALYZER_NONNULL = YES;
				CLANG_ANALYZER_NUMBER_OBJECT_CONVERSION = YES_AGGRESSIVE;
				CLANG_CXX_LANGUAGE_STANDARD = "gnu++17";
				CLANG_ENABLE_MODULES = YES;
				CLANG_ENABLE_OBJC_ARC = YES;
				CLANG_ENABLE_OBJC_WEAK = YES;
				CLANG_WARN_BLOCK_CAPTURE_AUTORELEASING = YES;
				CLANG_WARN_BOOL_CONVERSION = YES;
				CLANG_WARN_COMMA = YES;
				CLANG_WARN_CONSTANT_CONVERSION = YES;
				CLANG_WARN_DEPRECATED_OBJC_IMPLEMENTATIONS = YES;
				CLANG_WARN_DIRECT_OBJC_ISA_USAGE = YES_ERROR;
				CLANG_WARN_DOCUMENTATION_COMMENTS = YES;
				CLANG_WARN_EMPTY_BODY = YES;
				CLANG_WARN_ENUM_CONVERSION = YES;
				CLANG_WARN_INFINITE_RECURSION = YES;
				CLANG_WARN_INT_CONVERSION = YES;
				CLANG_WARN_NON_LITERAL_NULL_CONVERSION = YES;
				CLANG_WARN_OBJC_IMPLICIT_RETAIN_SELF = YES;
				CLANG_WARN_OBJC_LITERAL_CONVERSION = YES;
				CLANG_WARN_OBJC_ROOT_CLASS = YES_ERROR;
				CLANG_WARN_QUOTED_INCLUDE_IN_FRAMEWORK_HEADER = YES;
				CLANG_WARN_RANGE_LOOP_ANALYSIS = YES;
				CLANG_WARN_STRICT_PROTOTYPES = YES;
				CLANG_WARN_SUSPICIOUS_MOVE = YES;
				CLANG_WARN_UNGUARDED_AVAILABILITY = YES_AGGRESSIVE;
				CLANG_WARN_UNREACHABLE_CODE = YES;
				CLANG_WARN__DUPLICATE_METHOD_MATCH = YES;
				COPY_PHASE_STRIP = NO;
				DEBUG_INFORMATION_FORMAT = "dwarf-with-dsym";
				ENABLE_NS_ASSERTIONS = NO;
				ENABLE_STRICT_OBJC_MSGSEND = YES;
				GCC_C_LANGUAGE_STANDARD = gnu11;
				GCC_NO_COMMON_BLOCKS = YES;
				GCC_WARN_64_TO_32_BIT_CONVERSION = YES;
				GCC_WARN_ABOUT_RETURN_TYPE = YES_ERROR;
				GCC_WARN_UNDECLARED_SELECTOR = YES;
				GCC_WARN_UNINITIALIZED_AUTOS = YES_AGGRESSIVE;
				GCC_WARN_UNUSED_FUNCTION = YES;
				GCC_WARN_UNUSED_VARIABLE = YES;
				IPHONEOS_DEPLOYMENT_TARGET = 15.4;
				MTL_ENABLE_DEBUG_INFO = NO;
				MTL_FAST_MATH = YES;
				SDKROOT = iphoneos;
				SWIFT_COMPILATION_MODE = wholemodule;
				SWIFT_OPTIMIZATION_LEVEL = "-O";
				VALIDATE_PRODUCT = YES;
			};
			name = Release;
		};
		F449A744282684270077CDEC /* Debug */ = {
			isa = XCBuildConfiguration;
			buildSettings = {
				ASSETCATALOG_COMPILER_APPICON_NAME = AppIcon;
				ASSETCATALOG_COMPILER_GLOBAL_ACCENT_COLOR_NAME = AccentColor;
				CODE_SIGN_STYLE = Automatic;
				CURRENT_PROJECT_VERSION = 1;
				GENERATE_INFOPLIST_FILE = YES;
				INFOPLIST_FILE = NotificationCenterTute/Info.plist;
				INFOPLIST_KEY_UIApplicationSupportsIndirectInputEvents = YES;
				INFOPLIST_KEY_UILaunchStoryboardName = LaunchScreen;
				INFOPLIST_KEY_UIMainStoryboardFile = Main;
				INFOPLIST_KEY_UISupportedInterfaceOrientations_iPad = "UIInterfaceOrientationPortrait UIInterfaceOrientationPortraitUpsideDown UIInterfaceOrientationLandscapeLeft UIInterfaceOrientationLandscapeRight";
				INFOPLIST_KEY_UISupportedInterfaceOrientations_iPhone = "UIInterfaceOrientationPortrait UIInterfaceOrientationLandscapeLeft UIInterfaceOrientationLandscapeRight";
				LD_RUNPATH_SEARCH_PATHS = (
					"$(inherited)",
					"@executable_path/Frameworks",
				);
				MARKETING_VERSION = 1.0;
				PRODUCT_BUNDLE_IDENTIFIER = com.pushpendra.NotificationCenterTute;
				PRODUCT_NAME = "$(TARGET_NAME)";
				SWIFT_EMIT_LOC_STRINGS = YES;
				SWIFT_VERSION = 5.0;
				TARGETED_DEVICE_FAMILY = "1,2";
			};
			name = Debug;
		};
		F449A745282684270077CDEC /* Release */ = {
			isa = XCBuildConfiguration;
			buildSettings = {
				ASSETCATALOG_COMPILER_APPICON_NAME = AppIcon;
				ASSETCATALOG_COMPILER_GLOBAL_ACCENT_COLOR_NAME = AccentColor;
				CODE_SIGN_STYLE = Automatic;
				CURRENT_PROJECT_VERSION = 1;
				GENERATE_INFOPLIST_FILE = YES;
				INFOPLIST_FILE = NotificationCenterTute/Info.plist;
				INFOPLIST_KEY_UIApplicationSupportsIndirectInputEvents = YES;
				INFOPLIST_KEY_UILaunchStoryboardName = LaunchScreen;
				INFOPLIST_KEY_UIMainStoryboardFile = Main;
				INFOPLIST_KEY_UISupportedInterfaceOrientations_iPad = "UIInterfaceOrientationPortrait UIInterfaceOrientationPortraitUpsideDown UIInterfaceOrientationLandscapeLeft UIInterfaceOrientationLandscapeRight";
				INFOPLIST_KEY_UISupportedInterfaceOrientations_iPhone = "UIInterfaceOrientationPortrait UIInterfaceOrientationLandscapeLeft UIInterfaceOrientationLandscapeRight";
				LD_RUNPATH_SEARCH_PATHS = (
					"$(inherited)",
					"@executable_path/Frameworks",
				);
				MARKETING_VERSION = 1.0;
				PRODUCT_BUNDLE_IDENTIFIER = com.pushpendra.NotificationCenterTute;
				PRODUCT_NAME = "$(TARGET_NAME)";
				SWIFT_EMIT_LOC_STRINGS = YES;
				SWIFT_VERSION = 5.0;
				TARGETED_DEVICE_FAMILY = "1,2";
			};
			name = Release;
		};
		F449A747282684270077CDEC /* Debug */ = {
			isa = XCBuildConfiguration;
			buildSettings = {
				ALWAYS_EMBED_SWIFT_STANDARD_LIBRARIES = YES;
				BUNDLE_LOADER = "$(TEST_HOST)";
				CODE_SIGN_STYLE = Automatic;
				CURRENT_PROJECT_VERSION = 1;
				GENERATE_INFOPLIST_FILE = YES;
				IPHONEOS_DEPLOYMENT_TARGET = 15.4;
				MARKETING_VERSION = 1.0;
				PRODUCT_BUNDLE_IDENTIFIER = com.pushpendra.NotificationCenterTuteTests;
				PRODUCT_NAME = "$(TARGET_NAME)";
				SWIFT_EMIT_LOC_STRINGS = NO;
				SWIFT_VERSION = 5.0;
				TARGETED_DEVICE_FAMILY = "1,2";
				TEST_HOST = "$(BUILT_PRODUCTS_DIR)/NotificationCenterTute.app/NotificationCenterTute";
			};
			name = Debug;
		};
		F449A748282684270077CDEC /* Release */ = {
			isa = XCBuildConfiguration;
			buildSettings = {
				ALWAYS_EMBED_SWIFT_STANDARD_LIBRARIES = YES;
				BUNDLE_LOADER = "$(TEST_HOST)";
				CODE_SIGN_STYLE = Automatic;
				CURRENT_PROJECT_VERSION = 1;
				GENERATE_INFOPLIST_FILE = YES;
				IPHONEOS_DEPLOYMENT_TARGET = 15.4;
				MARKETING_VERSION = 1.0;
				PRODUCT_BUNDLE_IDENTIFIER = com.pushpendra.NotificationCenterTuteTests;
				PRODUCT_NAME = "$(TARGET_NAME)";
				SWIFT_EMIT_LOC_STRINGS = NO;
				SWIFT_VERSION = 5.0;
				TARGETED_DEVICE_FAMILY = "1,2";
				TEST_HOST = "$(BUILT_PRODUCTS_DIR)/NotificationCenterTute.app/NotificationCenterTute";
			};
			name = Release;
		};
		F449A74A282684270077CDEC /* Debug */ = {
			isa = XCBuildConfiguration;
			buildSettings = {
				ALWAYS_EMBED_SWIFT_STANDARD_LIBRARIES = YES;
				CODE_SIGN_STYLE = Automatic;
				CURRENT_PROJECT_VERSION = 1;
				GENERATE_INFOPLIST_FILE = YES;
				MARKETING_VERSION = 1.0;
				PRODUCT_BUNDLE_IDENTIFIER = com.pushpendra.NotificationCenterTuteUITests;
				PRODUCT_NAME = "$(TARGET_NAME)";
				SWIFT_EMIT_LOC_STRINGS = NO;
				SWIFT_VERSION = 5.0;
				TARGETED_DEVICE_FAMILY = "1,2";
				TEST_TARGET_NAME = NotificationCenterTute;
			};
			name = Debug;
		};
		F449A74B282684270077CDEC /* Release */ = {
			isa = XCBuildConfiguration;
			buildSettings = {
				ALWAYS_EMBED_SWIFT_STANDARD_LIBRARIES = YES;
				CODE_SIGN_STYLE = Automatic;
				CURRENT_PROJECT_VERSION = 1;
				GENERATE_INFOPLIST_FILE = YES;
				MARKETING_VERSION = 1.0;
				PRODUCT_BUNDLE_IDENTIFIER = com.pushpendra.NotificationCenterTuteUITests;
				PRODUCT_NAME = "$(TARGET_NAME)";
				SWIFT_EMIT_LOC_STRINGS = NO;
				SWIFT_VERSION = 5.0;
				TARGETED_DEVICE_FAMILY = "1,2";
				TEST_TARGET_NAME = NotificationCenterTute;
			};
			name = Release;
		};
/* End XCBuildConfiguration section */

/* Begin XCConfigurationList section */
		F449A714282684250077CDEC /* Build configuration list for PBXProject "NotificationCenterTute" */ = {
			isa = XCConfigurationList;
			buildConfigurations = (
				F449A741282684270077CDEC /* Debug */,
				F449A742282684270077CDEC /* Release */,
			);
			defaultConfigurationIsVisible = 0;
			defaultConfigurationName = Release;
		};
		F449A743282684270077CDEC /* Build configuration list for PBXNativeTarget "NotificationCenterTute" */ = {
			isa = XCConfigurationList;
			buildConfigurations = (
				F449A744282684270077CDEC /* Debug */,
				F449A745282684270077CDEC /* Release */,
			);
			defaultConfigurationIsVisible = 0;
			defaultConfigurationName = Release;
		};
		F449A746282684270077CDEC /* Build configuration list for PBXNativeTarget "NotificationCenterTuteTests" */ = {
			isa = XCConfigurationList;
			buildConfigurations = (
				F449A747282684270077CDEC /* Debug */,
				F449A748282684270077CDEC /* Release */,
			);
			defaultConfigurationIsVisible = 0;
			defaultConfigurationName = Release;
		};
		F449A749282684270077CDEC /* Build configuration list for PBXNativeTarget "NotificationCenterTuteUITests" */ = {
			isa = XCConfigurationList;
			buildConfigurations = (
				F449A74A282684270077CDEC /* Debug */,
				F449A74B282684270077CDEC /* Release */,
			);
			defaultConfigurationIsVisible = 0;
			defaultConfigurationName = Release;
		};
/* End XCConfigurationList section */
	};
	rootObject = F449A711282684250077CDEC /* Project object */;
}
